Microsoft Visual Studio Solution File, Format Version 12.00
# Visual Studio Version 17
VisualStudioVersion = 17.5.2.0
MinimumVisualStudioVersion = 10.0.40219.1
Project("{FAE04EC0-301F-11D3-BF4B-00C04F79EFBC}") = "ovningsuppgift_automatiskt-namn-och-mejl", "ovningsuppgift_automatiskt-namn-och-mejl.csproj", "{07F312A8-46CA-8F3E-BF4F-C6268789318E}"
EndProject
Global
	GlobalSection(SolutionConfigurationPlatforms) = preSolution
		Debug|Any CPU = Debug|Any CPU
		Release|Any CPU = Release|Any CPU
	EndGlobalSection
	GlobalSection(ProjectConfigurationPlatforms) = postSolution
		{07F312A8-46CA-8F3E-BF4F-C6268789318E}.Debug|Any CPU.ActiveCfg = Debug|Any CPU
		{07F312A8-46CA-8F3E-BF4F-C6268789318E}.Debug|Any CPU.Build.0 = Debug|Any CPU
		{07F312A8-46CA-8F3E-BF4F-C6268789318E}.Release|Any CPU.ActiveCfg = Release|Any CPU
		{07F312A8-46CA-8F3E-BF4F-C6268789318E}.Release|Any CPU.Build.0 = Release|Any CPU
	EndGlobalSection
	GlobalSection(SolutionProperties) = preSolution
		HideSolutionNode = FALSE
	EndGlobalSection
	GlobalSection(ExtensibilityGlobals) = postSolution
		SolutionGuid = {67FE5086-AE4F-4F0B-81AE-709F0DC842C0}
	EndGlobalSection
EndGlobal
